// !$*UTF8*$!
{
	archiveVersion = 1;
	classes = {
	};
	objectVersion = 51;
	objects = {

/* Begin PBXBuildFile section */
		406A0A9A26B2D22700EF2BE8 /* AppDelegate.swift in Sources */ = {isa = PBXBuildFile; fileRef = 406A0A9926B2D22700EF2BE8 /* AppDelegate.swift */; };
		406A0A9C26B2D22700EF2BE8 /* SceneDelegate.swift in Sources */ = {isa = PBXBuildFile; fileRef = 406A0A9B26B2D22700EF2BE8 /* SceneDelegate.swift */; };
		406A0AA326B2D24500EF2BE8 /* Assets.xcassets in Resources */ = {isa = PBXBuildFile; fileRef = 406A0AA226B2D24500EF2BE8 /* Assets.xcassets */; };
		406A0AA626B2D24500EF2BE8 /* LaunchScreen.storyboard in Resources */ = {isa = PBXBuildFile; fileRef = 406A0AA426B2D24500EF2BE8 /* LaunchScreen.storyboard */; };
		406A0AB126B2D24700EF2BE8 /* UmbrellaAppTests.swift in Sources */ = {isa = PBXBuildFile; fileRef = 406A0AB026B2D24700EF2BE8 /* UmbrellaAppTests.swift */; };
		406A0ABC26B2D24800EF2BE8 /* UmbrellaAppUITests.swift in Sources */ = {isa = PBXBuildFile; fileRef = 406A0ABB26B2D24800EF2BE8 /* UmbrellaAppUITests.swift */; };
		406A0AFA26B3097800EF2BE8 /* TopViewController.swift in Sources */ = {isa = PBXBuildFile; fileRef = 406A0AF926B3097800EF2BE8 /* TopViewController.swift */; };
		406A0B0226B309BA00EF2BE8 /* Top.storyboard in Resources */ = {isa = PBXBuildFile; fileRef = 406A0B0126B309BA00EF2BE8 /* Top.storyboard */; };
		406A0B1126B30D5700EF2BE8 /* Main.storyboard in Resources */ = {isa = PBXBuildFile; fileRef = 406A0B0F26B30D5600EF2BE8 /* Main.storyboard */; };
		406A0B1626B30D6500EF2BE8 /* ViewController.swift in Sources */ = {isa = PBXBuildFile; fileRef = 406A0B1526B30D6400EF2BE8 /* ViewController.swift */; };
		40B3E59C26B559BB0018D9EB /* ForecastsModel.swift in Sources */ = {isa = PBXBuildFile; fileRef = 40B3E59126B559BB0018D9EB /* ForecastsModel.swift */; };
		40B3E59D26B559BB0018D9EB /* DescriptionModel.swift in Sources */ = {isa = PBXBuildFile; fileRef = 40B3E59226B559BB0018D9EB /* DescriptionModel.swift */; };
		40B3E59E26B559BB0018D9EB /* WeatherModel.swift in Sources */ = {isa = PBXBuildFile; fileRef = 40B3E59326B559BB0018D9EB /* WeatherModel.swift */; };
		40B3E59F26B559BB0018D9EB /* ImageModel.swift in Sources */ = {isa = PBXBuildFile; fileRef = 40B3E59426B559BB0018D9EB /* ImageModel.swift */; };
		40B3E5A026B559BB0018D9EB /* TemperatureModel.swift in Sources */ = {isa = PBXBuildFile; fileRef = 40B3E59526B559BB0018D9EB /* TemperatureModel.swift */; };
		40B3E5A126B559BB0018D9EB /* CopyrightModel.swift in Sources */ = {isa = PBXBuildFile; fileRef = 40B3E59626B559BB0018D9EB /* CopyrightModel.swift */; };
		40B3E5A226B559BB0018D9EB /* ForecastsDetailModel.swift in Sources */ = {isa = PBXBuildFile; fileRef = 40B3E59726B559BB0018D9EB /* ForecastsDetailModel.swift */; };
		40B3E5A326B559BB0018D9EB /* ProviderModel.swift in Sources */ = {isa = PBXBuildFile; fileRef = 40B3E59826B559BB0018D9EB /* ProviderModel.swift */; };
		40B3E5A426B559BB0018D9EB /* TemperatureDetailModel.swift in Sources */ = {isa = PBXBuildFile; fileRef = 40B3E59926B559BB0018D9EB /* TemperatureDetailModel.swift */; };
		40B3E5A526B559BB0018D9EB /* ChanceOfRainModel.swift in Sources */ = {isa = PBXBuildFile; fileRef = 40B3E59A26B559BB0018D9EB /* ChanceOfRainModel.swift */; };
		40B3E5A626B559BB0018D9EB /* LocationModel.swift in Sources */ = {isa = PBXBuildFile; fileRef = 40B3E59B26B559BB0018D9EB /* LocationModel.swift */; };
		77BBEBB057AE7254879E80C0 /* Pods_UmbrellaApp.framework in Frameworks */ = {isa = PBXBuildFile; fileRef = 1FF18D7169CADB46DD87CFB9 /* Pods_UmbrellaApp.framework */; };
		7CE331C36492B21763BC8651 /* Pods_UmbrellaAppTests.framework in Frameworks */ = {isa = PBXBuildFile; fileRef = 1F960487DB8BE57ED951AC73 /* Pods_UmbrellaAppTests.framework */; };
		B9CFA70126C3094D74C0FBD5 /* Pods_UmbrellaApp_UmbrellaAppUITests.framework in Frameworks */ = {isa = PBXBuildFile; fileRef = E49637BB8B11621C023B5AC8 /* Pods_UmbrellaApp_UmbrellaAppUITests.framework */; };
/* End PBXBuildFile section */

/* Begin PBXContainerItemProxy section */
		406A0AAD26B2D24700EF2BE8 /* PBXContainerItemProxy */ = {
			isa = PBXContainerItemProxy;
			containerPortal = 406A0A8E26B2D22600EF2BE8 /* Project object */;
			proxyType = 1;
			remoteGlobalIDString = 406A0A9526B2D22600EF2BE8;
			remoteInfo = UmbrellaApp;
		};
		406A0AB826B2D24800EF2BE8 /* PBXContainerItemProxy */ = {
			isa = PBXContainerItemProxy;
			containerPortal = 406A0A8E26B2D22600EF2BE8 /* Project object */;
			proxyType = 1;
			remoteGlobalIDString = 406A0A9526B2D22600EF2BE8;
			remoteInfo = UmbrellaApp;
		};
/* End PBXContainerItemProxy section */

/* Begin PBXFileReference section */
		1F960487DB8BE57ED951AC73 /* Pods_UmbrellaAppTests.framework */ = {isa = PBXFileReference; explicitFileType = wrapper.framework; includeInIndex = 0; path = Pods_UmbrellaAppTests.framework; sourceTree = BUILT_PRODUCTS_DIR; };
		1FF18D7169CADB46DD87CFB9 /* Pods_UmbrellaApp.framework */ = {isa = PBXFileReference; explicitFileType = wrapper.framework; includeInIndex = 0; path = Pods_UmbrellaApp.framework; sourceTree = BUILT_PRODUCTS_DIR; };
		28DFB3654F762E8A08BDD74F /* Pods-UmbrellaAppTests.release.xcconfig */ = {isa = PBXFileReference; includeInIndex = 1; lastKnownFileType = text.xcconfig; name = "Pods-UmbrellaAppTests.release.xcconfig"; path = "Target Support Files/Pods-UmbrellaAppTests/Pods-UmbrellaAppTests.release.xcconfig"; sourceTree = "<group>"; };
		3B9D16F719D7F34B81746D26 /* Pods-UmbrellaApp.debug.xcconfig */ = {isa = PBXFileReference; includeInIndex = 1; lastKnownFileType = text.xcconfig; name = "Pods-UmbrellaApp.debug.xcconfig"; path = "Target Support Files/Pods-UmbrellaApp/Pods-UmbrellaApp.debug.xcconfig"; sourceTree = "<group>"; };
		406A0A9626B2D22700EF2BE8 /* UmbrellaApp.app */ = {isa = PBXFileReference; explicitFileType = wrapper.application; includeInIndex = 0; path = UmbrellaApp.app; sourceTree = BUILT_PRODUCTS_DIR; };
		406A0A9926B2D22700EF2BE8 /* AppDelegate.swift */ = {isa = PBXFileReference; lastKnownFileType = sourcecode.swift; path = AppDelegate.swift; sourceTree = "<group>"; };
		406A0A9B26B2D22700EF2BE8 /* SceneDelegate.swift */ = {isa = PBXFileReference; lastKnownFileType = sourcecode.swift; path = SceneDelegate.swift; sourceTree = "<group>"; };
		406A0AA226B2D24500EF2BE8 /* Assets.xcassets */ = {isa = PBXFileReference; lastKnownFileType = folder.assetcatalog; path = Assets.xcassets; sourceTree = "<group>"; };
		406A0AA526B2D24500EF2BE8 /* Base */ = {isa = PBXFileReference; lastKnownFileType = file.storyboard; name = Base; path = Base.lproj/LaunchScreen.storyboard; sourceTree = "<group>"; };
		406A0AA726B2D24500EF2BE8 /* Info.plist */ = {isa = PBXFileReference; lastKnownFileType = text.plist.xml; path = Info.plist; sourceTree = "<group>"; };
		406A0AAC26B2D24700EF2BE8 /* UmbrellaAppTests.xctest */ = {isa = PBXFileReference; explicitFileType = wrapper.cfbundle; includeInIndex = 0; path = UmbrellaAppTests.xctest; sourceTree = BUILT_PRODUCTS_DIR; };
		406A0AB026B2D24700EF2BE8 /* UmbrellaAppTests.swift */ = {isa = PBXFileReference; lastKnownFileType = sourcecode.swift; path = UmbrellaAppTests.swift; sourceTree = "<group>"; };
		406A0AB226B2D24700EF2BE8 /* Info.plist */ = {isa = PBXFileReference; lastKnownFileType = text.plist.xml; path = Info.plist; sourceTree = "<group>"; };
		406A0AB726B2D24800EF2BE8 /* UmbrellaAppUITests.xctest */ = {isa = PBXFileReference; explicitFileType = wrapper.cfbundle; includeInIndex = 0; path = UmbrellaAppUITests.xctest; sourceTree = BUILT_PRODUCTS_DIR; };
		406A0ABB26B2D24800EF2BE8 /* UmbrellaAppUITests.swift */ = {isa = PBXFileReference; lastKnownFileType = sourcecode.swift; path = UmbrellaAppUITests.swift; sourceTree = "<group>"; };
		406A0ABD26B2D24800EF2BE8 /* Info.plist */ = {isa = PBXFileReference; lastKnownFileType = text.plist.xml; path = Info.plist; sourceTree = "<group>"; };
		406A0AF926B3097800EF2BE8 /* TopViewController.swift */ = {isa = PBXFileReference; lastKnownFileType = sourcecode.swift; path = TopViewController.swift; sourceTree = "<group>"; };
		406A0B0126B309BA00EF2BE8 /* Top.storyboard */ = {isa = PBXFileReference; lastKnownFileType = file.storyboard; path = Top.storyboard; sourceTree = "<group>"; };
		406A0B1026B30D5600EF2BE8 /* Base */ = {isa = PBXFileReference; lastKnownFileType = file.storyboard; name = Base; path = Base.lproj/Main.storyboard; sourceTree = "<group>"; };
		406A0B1526B30D6400EF2BE8 /* ViewController.swift */ = {isa = PBXFileReference; fileEncoding = 4; lastKnownFileType = sourcecode.swift; path = ViewController.swift; sourceTree = "<group>"; };
		40B3E59126B559BB0018D9EB /* ForecastsModel.swift */ = {isa = PBXFileReference; fileEncoding = 4; lastKnownFileType = sourcecode.swift; path = ForecastsModel.swift; sourceTree = "<group>"; };
		40B3E59226B559BB0018D9EB /* DescriptionModel.swift */ = {isa = PBXFileReference; fileEncoding = 4; lastKnownFileType = sourcecode.swift; path = DescriptionModel.swift; sourceTree = "<group>"; };
		40B3E59326B559BB0018D9EB /* WeatherModel.swift */ = {isa = PBXFileReference; fileEncoding = 4; lastKnownFileType = sourcecode.swift; path = WeatherModel.swift; sourceTree = "<group>"; };
		40B3E59426B559BB0018D9EB /* ImageModel.swift */ = {isa = PBXFileReference; fileEncoding = 4; lastKnownFileType = sourcecode.swift; path = ImageModel.swift; sourceTree = "<group>"; };
		40B3E59526B559BB0018D9EB /* TemperatureModel.swift */ = {isa = PBXFileReference; fileEncoding = 4; lastKnownFileType = sourcecode.swift; path = TemperatureModel.swift; sourceTree = "<group>"; };
		40B3E59626B559BB0018D9EB /* CopyrightModel.swift */ = {isa = PBXFileReference; fileEncoding = 4; lastKnownFileType = sourcecode.swift; path = CopyrightModel.swift; sourceTree = "<group>"; };
		40B3E59726B559BB0018D9EB /* ForecastsDetailModel.swift */ = {isa = PBXFileReference; fileEncoding = 4; lastKnownFileType = sourcecode.swift; path = ForecastsDetailModel.swift; sourceTree = "<group>"; };
		40B3E59826B559BB0018D9EB /* ProviderModel.swift */ = {isa = PBXFileReference; fileEncoding = 4; lastKnownFileType = sourcecode.swift; path = ProviderModel.swift; sourceTree = "<group>"; };
		40B3E59926B559BB0018D9EB /* TemperatureDetailModel.swift */ = {isa = PBXFileReference; fileEncoding = 4; lastKnownFileType = sourcecode.swift; path = TemperatureDetailModel.swift; sourceTree = "<group>"; };
		40B3E59A26B559BB0018D9EB /* ChanceOfRainModel.swift */ = {isa = PBXFileReference; fileEncoding = 4; lastKnownFileType = sourcecode.swift; path = ChanceOfRainModel.swift; sourceTree = "<group>"; };
		40B3E59B26B559BB0018D9EB /* LocationModel.swift */ = {isa = PBXFileReference; fileEncoding = 4; lastKnownFileType = sourcecode.swift; path = LocationModel.swift; sourceTree = "<group>"; };
		8DD0EAE5CA5DF6E0C22C7841 /* Pods-UmbrellaApp-UmbrellaAppUITests.debug.xcconfig */ = {isa = PBXFileReference; includeInIndex = 1; lastKnownFileType = text.xcconfig; name = "Pods-UmbrellaApp-UmbrellaAppUITests.debug.xcconfig"; path = "Target Support Files/Pods-UmbrellaApp-UmbrellaAppUITests/Pods-UmbrellaApp-UmbrellaAppUITests.debug.xcconfig"; sourceTree = "<group>"; };
		957B6EAC2A0E9A41FF7A76F2 /* Pods-UmbrellaApp-UmbrellaAppUITests.release.xcconfig */ = {isa = PBXFileReference; includeInIndex = 1; lastKnownFileType = text.xcconfig; name = "Pods-UmbrellaApp-UmbrellaAppUITests.release.xcconfig"; path = "Target Support Files/Pods-UmbrellaApp-UmbrellaAppUITests/Pods-UmbrellaApp-UmbrellaAppUITests.release.xcconfig"; sourceTree = "<group>"; };
		E49637BB8B11621C023B5AC8 /* Pods_UmbrellaApp_UmbrellaAppUITests.framework */ = {isa = PBXFileReference; explicitFileType = wrapper.framework; includeInIndex = 0; path = Pods_UmbrellaApp_UmbrellaAppUITests.framework; sourceTree = BUILT_PRODUCTS_DIR; };
		ED7A7AEC008275E94BF89DB0 /* Pods-UmbrellaAppTests.debug.xcconfig */ = {isa = PBXFileReference; includeInIndex = 1; lastKnownFileType = text.xcconfig; name = "Pods-UmbrellaAppTests.debug.xcconfig"; path = "Target Support Files/Pods-UmbrellaAppTests/Pods-UmbrellaAppTests.debug.xcconfig"; sourceTree = "<group>"; };
		F21D16F2C03B33A17D708D22 /* Pods-UmbrellaApp.release.xcconfig */ = {isa = PBXFileReference; includeInIndex = 1; lastKnownFileType = text.xcconfig; name = "Pods-UmbrellaApp.release.xcconfig"; path = "Target Support Files/Pods-UmbrellaApp/Pods-UmbrellaApp.release.xcconfig"; sourceTree = "<group>"; };
/* End PBXFileReference section */

/* Begin PBXFrameworksBuildPhase section */
		406A0A9326B2D22600EF2BE8 /* Frameworks */ = {
			isa = PBXFrameworksBuildPhase;
			buildActionMask = 2147483647;
			files = (
				77BBEBB057AE7254879E80C0 /* Pods_UmbrellaApp.framework in Frameworks */,
			);
			runOnlyForDeploymentPostprocessing = 0;
		};
		406A0AA926B2D24700EF2BE8 /* Frameworks */ = {
			isa = PBXFrameworksBuildPhase;
			buildActionMask = 2147483647;
			files = (
				7CE331C36492B21763BC8651 /* Pods_UmbrellaAppTests.framework in Frameworks */,
			);
			runOnlyForDeploymentPostprocessing = 0;
		};
		406A0AB426B2D24700EF2BE8 /* Frameworks */ = {
			isa = PBXFrameworksBuildPhase;
			buildActionMask = 2147483647;
			files = (
				B9CFA70126C3094D74C0FBD5 /* Pods_UmbrellaApp_UmbrellaAppUITests.framework in Frameworks */,
			);
			runOnlyForDeploymentPostprocessing = 0;
		};
/* End PBXFrameworksBuildPhase section */

/* Begin PBXGroup section */
		2C72D6EFBDE732ECBC5C9853 /* Pods */ = {
			isa = PBXGroup;
			children = (
				3B9D16F719D7F34B81746D26 /* Pods-UmbrellaApp.debug.xcconfig */,
				F21D16F2C03B33A17D708D22 /* Pods-UmbrellaApp.release.xcconfig */,
				8DD0EAE5CA5DF6E0C22C7841 /* Pods-UmbrellaApp-UmbrellaAppUITests.debug.xcconfig */,
				957B6EAC2A0E9A41FF7A76F2 /* Pods-UmbrellaApp-UmbrellaAppUITests.release.xcconfig */,
				ED7A7AEC008275E94BF89DB0 /* Pods-UmbrellaAppTests.debug.xcconfig */,
				28DFB3654F762E8A08BDD74F /* Pods-UmbrellaAppTests.release.xcconfig */,
			);
			path = Pods;
			sourceTree = "<group>";
		};
		406A0A8D26B2D22600EF2BE8 = {
			isa = PBXGroup;
			children = (
				406A0A9826B2D22700EF2BE8 /* UmbrellaApp */,
				406A0AAF26B2D24700EF2BE8 /* UmbrellaAppTests */,
				406A0ABA26B2D24800EF2BE8 /* UmbrellaAppUITests */,
				406A0A9726B2D22700EF2BE8 /* Products */,
				2C72D6EFBDE732ECBC5C9853 /* Pods */,
				60AE7D09BF99D5845685EF69 /* Frameworks */,
			);
			sourceTree = "<group>";
		};
		406A0A9726B2D22700EF2BE8 /* Products */ = {
			isa = PBXGroup;
			children = (
				406A0A9626B2D22700EF2BE8 /* UmbrellaApp.app */,
				406A0AAC26B2D24700EF2BE8 /* UmbrellaAppTests.xctest */,
				406A0AB726B2D24800EF2BE8 /* UmbrellaAppUITests.xctest */,
			);
			name = Products;
			sourceTree = "<group>";
		};
		406A0A9826B2D22700EF2BE8 /* UmbrellaApp */ = {
			isa = PBXGroup;
			children = (
				406A0AEA26B3020A00EF2BE8 /*  Generated */,
				406A0AE026B3016100EF2BE8 /* Protocol */,
				406A0ADF26B3013900EF2BE8 /* Domain */,
				406A0ADE26B3011400EF2BE8 /* Infrastructure */,
				406A0ACC26B2D29300EF2BE8 /* Presentation */,
				406A0A9926B2D22700EF2BE8 /* AppDelegate.swift */,
				406A0B1526B30D6400EF2BE8 /* ViewController.swift */,
				406A0A9B26B2D22700EF2BE8 /* SceneDelegate.swift */,
				406A0B0F26B30D5600EF2BE8 /* Main.storyboard */,
				406A0AA226B2D24500EF2BE8 /* Assets.xcassets */,
				406A0AA426B2D24500EF2BE8 /* LaunchScreen.storyboard */,
				406A0AA726B2D24500EF2BE8 /* Info.plist */,
			);
			path = UmbrellaApp;
			sourceTree = "<group>";
		};
		406A0AAF26B2D24700EF2BE8 /* UmbrellaAppTests */ = {
			isa = PBXGroup;
			children = (
				406A0AB026B2D24700EF2BE8 /* UmbrellaAppTests.swift */,
				406A0AB226B2D24700EF2BE8 /* Info.plist */,
			);
			path = UmbrellaAppTests;
			sourceTree = "<group>";
		};
		406A0ABA26B2D24800EF2BE8 /* UmbrellaAppUITests */ = {
			isa = PBXGroup;
			children = (
				406A0ABB26B2D24800EF2BE8 /* UmbrellaAppUITests.swift */,
				406A0ABD26B2D24800EF2BE8 /* Info.plist */,
			);
			path = UmbrellaAppUITests;
			sourceTree = "<group>";
		};
		406A0ACC26B2D29300EF2BE8 /* Presentation */ = {
			isa = PBXGroup;
			children = (
				406A0AF826B3096100EF2BE8 /* Top */,
			);
			path = Presentation;
			sourceTree = "<group>";
		};
		406A0ADE26B3011400EF2BE8 /* Infrastructure */ = {
			isa = PBXGroup;
			children = (
			);
			path = Infrastructure;
			sourceTree = "<group>";
		};
		406A0ADF26B3013900EF2BE8 /* Domain */ = {
			isa = PBXGroup;
			children = (
				40B3E59026B559BB0018D9EB /* Weather */,
			);
			path = Domain;
			sourceTree = "<group>";
		};
		406A0AE026B3016100EF2BE8 /* Protocol */ = {
			isa = PBXGroup;
			children = (
			);
			path = Protocol;
			sourceTree = "<group>";
		};
		406A0AEA26B3020A00EF2BE8 /*  Generated */ = {
			isa = PBXGroup;
			children = (
			);
			path = " Generated";
			sourceTree = "<group>";
		};
		406A0AF826B3096100EF2BE8 /* Top */ = {
			isa = PBXGroup;
			children = (
				406A0AF926B3097800EF2BE8 /* TopViewController.swift */,
				406A0B0126B309BA00EF2BE8 /* Top.storyboard */,
			);
			path = Top;
			sourceTree = "<group>";
		};
		40B3E59026B559BB0018D9EB /* Weather */ = {
			isa = PBXGroup;
			children = (
				40B3E59126B559BB0018D9EB /* ForecastsModel.swift */,
				40B3E59226B559BB0018D9EB /* DescriptionModel.swift */,
				40B3E59326B559BB0018D9EB /* WeatherModel.swift */,
				40B3E59426B559BB0018D9EB /* ImageModel.swift */,
				40B3E59526B559BB0018D9EB /* TemperatureModel.swift */,
				40B3E59626B559BB0018D9EB /* CopyrightModel.swift */,
				40B3E59726B559BB0018D9EB /* ForecastsDetailModel.swift */,
				40B3E59826B559BB0018D9EB /* ProviderModel.swift */,
				40B3E59926B559BB0018D9EB /* TemperatureDetailModel.swift */,
				40B3E59A26B559BB0018D9EB /* ChanceOfRainModel.swift */,
				40B3E59B26B559BB0018D9EB /* LocationModel.swift */,
			);
			path = Weather;
			sourceTree = "<group>";
		};
		60AE7D09BF99D5845685EF69 /* Frameworks */ = {
			isa = PBXGroup;
			children = (
				1FF18D7169CADB46DD87CFB9 /* Pods_UmbrellaApp.framework */,
				E49637BB8B11621C023B5AC8 /* Pods_UmbrellaApp_UmbrellaAppUITests.framework */,
				1F960487DB8BE57ED951AC73 /* Pods_UmbrellaAppTests.framework */,
			);
			name = Frameworks;
			sourceTree = "<group>";
		};
/* End PBXGroup section */

/* Begin PBXNativeTarget section */
		406A0A9526B2D22600EF2BE8 /* UmbrellaApp */ = {
			isa = PBXNativeTarget;
			buildConfigurationList = 406A0AC026B2D24800EF2BE8 /* Build configuration list for PBXNativeTarget "UmbrellaApp" */;
			buildPhases = (
				F56F2350291C4E76D66E94B7 /* [CP] Check Pods Manifest.lock */,
				406A0AF126B3022700EF2BE8 /* Generate Resources with R.swift */,
				406A0AD326B2D4DD00EF2BE8 /* Run SwiftLint */,
				406A0A9226B2D22600EF2BE8 /* Sources */,
				406A0A9326B2D22600EF2BE8 /* Frameworks */,
				406A0A9426B2D22600EF2BE8 /* Resources */,
				23E93F6E6E42569F49C28150 /* [CP] Embed Pods Frameworks */,
			);
			buildRules = (
			);
			dependencies = (
			);
			name = UmbrellaApp;
			productName = UmbrellaApp;
			productReference = 406A0A9626B2D22700EF2BE8 /* UmbrellaApp.app */;
			productType = "com.apple.product-type.application";
		};
		406A0AAB26B2D24700EF2BE8 /* UmbrellaAppTests */ = {
			isa = PBXNativeTarget;
			buildConfigurationList = 406A0AC326B2D24800EF2BE8 /* Build configuration list for PBXNativeTarget "UmbrellaAppTests" */;
			buildPhases = (
				9A448119E2A43497EB38C83C /* [CP] Check Pods Manifest.lock */,
				406A0AA826B2D24700EF2BE8 /* Sources */,
				406A0AA926B2D24700EF2BE8 /* Frameworks */,
				406A0AAA26B2D24700EF2BE8 /* Resources */,
			);
			buildRules = (
			);
			dependencies = (
				406A0AAE26B2D24700EF2BE8 /* PBXTargetDependency */,
			);
			name = UmbrellaAppTests;
			productName = UmbrellaAppTests;
			productReference = 406A0AAC26B2D24700EF2BE8 /* UmbrellaAppTests.xctest */;
			productType = "com.apple.product-type.bundle.unit-test";
		};
		406A0AB626B2D24700EF2BE8 /* UmbrellaAppUITests */ = {
			isa = PBXNativeTarget;
			buildConfigurationList = 406A0AC626B2D24800EF2BE8 /* Build configuration list for PBXNativeTarget "UmbrellaAppUITests" */;
			buildPhases = (
				EEB503E19396415BED64A79B /* [CP] Check Pods Manifest.lock */,
				406A0AB326B2D24700EF2BE8 /* Sources */,
				406A0AB426B2D24700EF2BE8 /* Frameworks */,
				406A0AB526B2D24700EF2BE8 /* Resources */,
				5EEE79B0678B56A742BE24E2 /* [CP] Embed Pods Frameworks */,
			);
			buildRules = (
			);
			dependencies = (
				406A0AB926B2D24800EF2BE8 /* PBXTargetDependency */,
			);
			name = UmbrellaAppUITests;
			productName = UmbrellaAppUITests;
			productReference = 406A0AB726B2D24800EF2BE8 /* UmbrellaAppUITests.xctest */;
			productType = "com.apple.product-type.bundle.ui-testing";
		};
/* End PBXNativeTarget section */

/* Begin PBXProject section */
		406A0A8E26B2D22600EF2BE8 /* Project object */ = {
			isa = PBXProject;
			attributes = {
				LastSwiftUpdateCheck = 1240;
				LastUpgradeCheck = 1240;
				TargetAttributes = {
					406A0A9526B2D22600EF2BE8 = {
						CreatedOnToolsVersion = 12.4;
					};
					406A0AAB26B2D24700EF2BE8 = {
						CreatedOnToolsVersion = 12.4;
						TestTargetID = 406A0A9526B2D22600EF2BE8;
					};
					406A0AB626B2D24700EF2BE8 = {
						CreatedOnToolsVersion = 12.4;
						TestTargetID = 406A0A9526B2D22600EF2BE8;
					};
				};
			};
			buildConfigurationList = 406A0A9126B2D22600EF2BE8 /* Build configuration list for PBXProject "UmbrellaApp" */;
			compatibilityVersion = "Xcode 9.3";
			developmentRegion = en;
			hasScannedForEncodings = 0;
			knownRegions = (
				en,
				Base,
			);
			mainGroup = 406A0A8D26B2D22600EF2BE8;
			productRefGroup = 406A0A9726B2D22700EF2BE8 /* Products */;
			projectDirPath = "";
			projectRoot = "";
			targets = (
				406A0A9526B2D22600EF2BE8 /* UmbrellaApp */,
				406A0AAB26B2D24700EF2BE8 /* UmbrellaAppTests */,
				406A0AB626B2D24700EF2BE8 /* UmbrellaAppUITests */,
			);
		};
/* End PBXProject section */

/* Begin PBXResourcesBuildPhase section */
		406A0A9426B2D22600EF2BE8 /* Resources */ = {
			isa = PBXResourcesBuildPhase;
			buildActionMask = 2147483647;
			files = (
				406A0B0226B309BA00EF2BE8 /* Top.storyboard in Resources */,
				406A0AA626B2D24500EF2BE8 /* LaunchScreen.storyboard in Resources */,
				406A0AA326B2D24500EF2BE8 /* Assets.xcassets in Resources */,
				406A0B1126B30D5700EF2BE8 /* Main.storyboard in Resources */,
			);
			runOnlyForDeploymentPostprocessing = 0;
		};
		406A0AAA26B2D24700EF2BE8 /* Resources */ = {
			isa = PBXResourcesBuildPhase;
			buildActionMask = 2147483647;
			files = (
			);
			runOnlyForDeploymentPostprocessing = 0;
		};
		406A0AB526B2D24700EF2BE8 /* Resources */ = {
			isa = PBXResourcesBuildPhase;
			buildActionMask = 2147483647;
			files = (
			);
			runOnlyForDeploymentPostprocessing = 0;
		};
/* End PBXResourcesBuildPhase section */

/* Begin PBXShellScriptBuildPhase section */
		23E93F6E6E42569F49C28150 /* [CP] Embed Pods Frameworks */ = {
			isa = PBXShellScriptBuildPhase;
			buildActionMask = 2147483647;
			files = (
			);
			inputFileListPaths = (
				"${PODS_ROOT}/Target Support Files/Pods-UmbrellaApp/Pods-UmbrellaApp-frameworks-${CONFIGURATION}-input-files.xcfilelist",
			);
			name = "[CP] Embed Pods Frameworks";
			outputFileListPaths = (
				"${PODS_ROOT}/Target Support Files/Pods-UmbrellaApp/Pods-UmbrellaApp-frameworks-${CONFIGURATION}-output-files.xcfilelist",
			);
			runOnlyForDeploymentPostprocessing = 0;
			shellPath = /bin/sh;
			shellScript = "\"${PODS_ROOT}/Target Support Files/Pods-UmbrellaApp/Pods-UmbrellaApp-frameworks.sh\"\n";
			showEnvVarsInLog = 0;
		};
		406A0AD326B2D4DD00EF2BE8 /* Run SwiftLint */ = {
			isa = PBXShellScriptBuildPhase;
			buildActionMask = 2147483647;
			files = (
			);
			inputFileListPaths = (
			);
			inputPaths = (
			);
			name = "Run SwiftLint";
			outputFileListPaths = (
			);
			outputPaths = (
			);
			runOnlyForDeploymentPostprocessing = 0;
			shellPath = /bin/sh;
			shellScript = "${PODS_ROOT}/SwiftLint/swiftlint\n\n";
		};
		406A0AF126B3022700EF2BE8 /* Generate Resources with R.swift */ = {
			isa = PBXShellScriptBuildPhase;
			buildActionMask = 2147483647;
			files = (
			);
			inputFileListPaths = (
			);
			inputPaths = (
				"$TEMP_DIR/rswift-lastrun",
			);
			name = "Generate Resources with R.swift";
			outputFileListPaths = (
			);
			outputPaths = (
				$SRCROOT/$TARGET_NAME/Generated/R.generated.swift,
			);
			runOnlyForDeploymentPostprocessing = 0;
			shellPath = /bin/sh;
			shellScript = "\"$PODS_ROOT/R.swift/rswift\" generate \"$SRCROOT/$TARGET_NAME/Generated/R.generated.swift\"\n";
		};
		5EEE79B0678B56A742BE24E2 /* [CP] Embed Pods Frameworks */ = {
			isa = PBXShellScriptBuildPhase;
			buildActionMask = 2147483647;
			files = (
			);
			inputFileListPaths = (
				"${PODS_ROOT}/Target Support Files/Pods-UmbrellaApp-UmbrellaAppUITests/Pods-UmbrellaApp-UmbrellaAppUITests-frameworks-${CONFIGURATION}-input-files.xcfilelist",
			);
			name = "[CP] Embed Pods Frameworks";
			outputFileListPaths = (
				"${PODS_ROOT}/Target Support Files/Pods-UmbrellaApp-UmbrellaAppUITests/Pods-UmbrellaApp-UmbrellaAppUITests-frameworks-${CONFIGURATION}-output-files.xcfilelist",
			);
			runOnlyForDeploymentPostprocessing = 0;
			shellPath = /bin/sh;
			shellScript = "\"${PODS_ROOT}/Target Support Files/Pods-UmbrellaApp-UmbrellaAppUITests/Pods-UmbrellaApp-UmbrellaAppUITests-frameworks.sh\"\n";
			showEnvVarsInLog = 0;
		};
		9A448119E2A43497EB38C83C /* [CP] Check Pods Manifest.lock */ = {
			isa = PBXShellScriptBuildPhase;
			buildActionMask = 2147483647;
			files = (
			);
			inputFileListPaths = (
			);
			inputPaths = (
				"${PODS_PODFILE_DIR_PATH}/Podfile.lock",
				"${PODS_ROOT}/Manifest.lock",
			);
			name = "[CP] Check Pods Manifest.lock";
			outputFileListPaths = (
			);
			outputPaths = (
				"$(DERIVED_FILE_DIR)/Pods-UmbrellaAppTests-checkManifestLockResult.txt",
			);
			runOnlyForDeploymentPostprocessing = 0;
			shellPath = /bin/sh;
			shellScript = "diff \"${PODS_PODFILE_DIR_PATH}/Podfile.lock\" \"${PODS_ROOT}/Manifest.lock\" > /dev/null\nif [ $? != 0 ] ; then\n    # print error to STDERR\n    echo \"error: The sandbox is not in sync with the Podfile.lock. Run 'pod install' or update your CocoaPods installation.\" >&2\n    exit 1\nfi\n# This output is used by Xcode 'outputs' to avoid re-running this script phase.\necho \"SUCCESS\" > \"${SCRIPT_OUTPUT_FILE_0}\"\n";
			showEnvVarsInLog = 0;
		};
		EEB503E19396415BED64A79B /* [CP] Check Pods Manifest.lock */ = {
			isa = PBXShellScriptBuildPhase;
			buildActionMask = 2147483647;
			files = (
			);
			inputFileListPaths = (
			);
			inputPaths = (
				"${PODS_PODFILE_DIR_PATH}/Podfile.lock",
				"${PODS_ROOT}/Manifest.lock",
			);
			name = "[CP] Check Pods Manifest.lock";
			outputFileListPaths = (
			);
			outputPaths = (
				"$(DERIVED_FILE_DIR)/Pods-UmbrellaApp-UmbrellaAppUITests-checkManifestLockResult.txt",
			);
			runOnlyForDeploymentPostprocessing = 0;
			shellPath = /bin/sh;
			shellScript = "diff \"${PODS_PODFILE_DIR_PATH}/Podfile.lock\" \"${PODS_ROOT}/Manifest.lock\" > /dev/null\nif [ $? != 0 ] ; then\n    # print error to STDERR\n    echo \"error: The sandbox is not in sync with the Podfile.lock. Run 'pod install' or update your CocoaPods installation.\" >&2\n    exit 1\nfi\n# This output is used by Xcode 'outputs' to avoid re-running this script phase.\necho \"SUCCESS\" > \"${SCRIPT_OUTPUT_FILE_0}\"\n";
			showEnvVarsInLog = 0;
		};
		F56F2350291C4E76D66E94B7 /* [CP] Check Pods Manifest.lock */ = {
			isa = PBXShellScriptBuildPhase;
			buildActionMask = 2147483647;
			files = (
			);
			inputFileListPaths = (
			);
			inputPaths = (
				"${PODS_PODFILE_DIR_PATH}/Podfile.lock",
				"${PODS_ROOT}/Manifest.lock",
			);
			name = "[CP] Check Pods Manifest.lock";
			outputFileListPaths = (
			);
			outputPaths = (
				"$(DERIVED_FILE_DIR)/Pods-UmbrellaApp-checkManifestLockResult.txt",
			);
			runOnlyForDeploymentPostprocessing = 0;
			shellPath = /bin/sh;
			shellScript = "diff \"${PODS_PODFILE_DIR_PATH}/Podfile.lock\" \"${PODS_ROOT}/Manifest.lock\" > /dev/null\nif [ $? != 0 ] ; then\n    # print error to STDERR\n    echo \"error: The sandbox is not in sync with the Podfile.lock. Run 'pod install' or update your CocoaPods installation.\" >&2\n    exit 1\nfi\n# This output is used by Xcode 'outputs' to avoid re-running this script phase.\necho \"SUCCESS\" > \"${SCRIPT_OUTPUT_FILE_0}\"\n";
			showEnvVarsInLog = 0;
		};
/* End PBXShellScriptBuildPhase section */

/* Begin PBXSourcesBuildPhase section */
		406A0A9226B2D22600EF2BE8 /* Sources */ = {
			isa = PBXSourcesBuildPhase;
			buildActionMask = 2147483647;
			files = (
				40B3E5A426B559BB0018D9EB /* TemperatureDetailModel.swift in Sources */,
				406A0A9A26B2D22700EF2BE8 /* AppDelegate.swift in Sources */,
				406A0A9C26B2D22700EF2BE8 /* SceneDelegate.swift in Sources */,
				406A0B1626B30D6500EF2BE8 /* ViewController.swift in Sources */,
				40B3E59E26B559BB0018D9EB /* WeatherModel.swift in Sources */,
				40B3E5A326B559BB0018D9EB /* ProviderModel.swift in Sources */,
				40B3E5A626B559BB0018D9EB /* LocationModel.swift in Sources */,
				40B3E59D26B559BB0018D9EB /* DescriptionModel.swift in Sources */,
				40B3E5A226B559BB0018D9EB /* ForecastsDetailModel.swift in Sources */,
				40B3E59C26B559BB0018D9EB /* ForecastsModel.swift in Sources */,
				406A0AFA26B3097800EF2BE8 /* TopViewController.swift in Sources */,
				40B3E5A126B559BB0018D9EB /* CopyrightModel.swift in Sources */,
				40B3E5A026B559BB0018D9EB /* TemperatureModel.swift in Sources */,
				40B3E5A526B559BB0018D9EB /* ChanceOfRainModel.swift in Sources */,
				40B3E59F26B559BB0018D9EB /* ImageModel.swift in Sources */,
			);
			runOnlyForDeploymentPostprocessing = 0;
		};
		406A0AA826B2D24700EF2BE8 /* Sources */ = {
			isa = PBXSourcesBuildPhase;
			buildActionMask = 2147483647;
			files = (
				406A0AB126B2D24700EF2BE8 /* UmbrellaAppTests.swift in Sources */,
			);
			runOnlyForDeploymentPostprocessing = 0;
		};
		406A0AB326B2D24700EF2BE8 /* Sources */ = {
			isa = PBXSourcesBuildPhase;
			buildActionMask = 2147483647;
			files = (
				406A0ABC26B2D24800EF2BE8 /* UmbrellaAppUITests.swift in Sources */,
			);
			runOnlyForDeploymentPostprocessing = 0;
		};
/* End PBXSourcesBuildPhase section */

/* Begin PBXTargetDependency section */
		406A0AAE26B2D24700EF2BE8 /* PBXTargetDependency */ = {
			isa = PBXTargetDependency;
			target = 406A0A9526B2D22600EF2BE8 /* UmbrellaApp */;
			targetProxy = 406A0AAD26B2D24700EF2BE8 /* PBXContainerItemProxy */;
		};
		406A0AB926B2D24800EF2BE8 /* PBXTargetDependency */ = {
			isa = PBXTargetDependency;
			target = 406A0A9526B2D22600EF2BE8 /* UmbrellaApp */;
			targetProxy = 406A0AB826B2D24800EF2BE8 /* PBXContainerItemProxy */;
		};
/* End PBXTargetDependency section */

/* Begin PBXVariantGroup section */
		406A0AA426B2D24500EF2BE8 /* LaunchScreen.storyboard */ = {
			isa = PBXVariantGroup;
			children = (
				406A0AA526B2D24500EF2BE8 /* Base */,
			);
			name = LaunchScreen.storyboard;
			sourceTree = "<group>";
		};
		406A0B0F26B30D5600EF2BE8 /* Main.storyboard */ = {
			isa = PBXVariantGroup;
			children = (
				406A0B1026B30D5600EF2BE8 /* Base */,
			);
			name = Main.storyboard;
			sourceTree = "<group>";
		};
/* End PBXVariantGroup section */

/* Begin XCBuildConfiguration section */
		406A0ABE26B2D24800EF2BE8 /* Debug */ = {
			isa = XCBuildConfiguration;
			buildSettings = {
				ALWAYS_SEARCH_USER_PATHS = NO;
				CLANG_ANALYZER_NONNULL = YES;
				CLANG_ANALYZER_NUMBER_OBJECT_CONVERSION = YES_AGGRESSIVE;
				CLANG_CXX_LANGUAGE_STANDARD = "gnu++14";
				CLANG_CXX_LIBRARY = "libc++";
				CLANG_ENABLE_MODULES = YES;
				CLANG_ENABLE_OBJC_ARC = YES;
				CLANG_ENABLE_OBJC_WEAK = YES;
				CLANG_WARN_BLOCK_CAPTURE_AUTORELEASING = YES;
				CLANG_WARN_BOOL_CONVERSION = YES;
				CLANG_WARN_COMMA = YES;
				CLANG_WARN_CONSTANT_CONVERSION = YES;
				CLANG_WARN_DEPRECATED_OBJC_IMPLEMENTATIONS = YES;
				CLANG_WARN_DIRECT_OBJC_ISA_USAGE = YES_ERROR;
				CLANG_WARN_DOCUMENTATION_COMMENTS = YES;
				CLANG_WARN_EMPTY_BODY = YES;
				CLANG_WARN_ENUM_CONVERSION = YES;
				CLANG_WARN_INFINITE_RECURSION = YES;
				CLANG_WARN_INT_CONVERSION = YES;
				CLANG_WARN_NON_LITERAL_NULL_CONVERSION = YES;
				CLANG_WARN_OBJC_IMPLICIT_RETAIN_SELF = YES;
				CLANG_WARN_OBJC_LITERAL_CONVERSION = YES;
				CLANG_WARN_OBJC_ROOT_CLASS = YES_ERROR;
				CLANG_WARN_QUOTED_INCLUDE_IN_FRAMEWORK_HEADER = YES;
				CLANG_WARN_RANGE_LOOP_ANALYSIS = YES;
				CLANG_WARN_STRICT_PROTOTYPES = YES;
				CLANG_WARN_SUSPICIOUS_MOVE = YES;
				CLANG_WARN_UNGUARDED_AVAILABILITY = YES_AGGRESSIVE;
				CLANG_WARN_UNREACHABLE_CODE = YES;
				CLANG_WARN__DUPLICATE_METHOD_MATCH = YES;
				COPY_PHASE_STRIP = NO;
				DEBUG_INFORMATION_FORMAT = dwarf;
				ENABLE_STRICT_OBJC_MSGSEND = YES;
				ENABLE_TESTABILITY = YES;
				GCC_C_LANGUAGE_STANDARD = gnu11;
				GCC_DYNAMIC_NO_PIC = NO;
				GCC_NO_COMMON_BLOCKS = YES;
				GCC_OPTIMIZATION_LEVEL = 0;
				GCC_PREPROCESSOR_DEFINITIONS = (
					"DEBUG=1",
					"$(inherited)",
				);
				GCC_WARN_64_TO_32_BIT_CONVERSION = YES;
				GCC_WARN_ABOUT_RETURN_TYPE = YES_ERROR;
				GCC_WARN_UNDECLARED_SELECTOR = YES;
				GCC_WARN_UNINITIALIZED_AUTOS = YES_AGGRESSIVE;
				GCC_WARN_UNUSED_FUNCTION = YES;
				GCC_WARN_UNUSED_VARIABLE = YES;
				IPHONEOS_DEPLOYMENT_TARGET = 14.4;
				MTL_ENABLE_DEBUG_INFO = INCLUDE_SOURCE;
				MTL_FAST_MATH = YES;
				ONLY_ACTIVE_ARCH = YES;
				SDKROOT = iphoneos;
				SWIFT_ACTIVE_COMPILATION_CONDITIONS = DEBUG;
				SWIFT_OPTIMIZATION_LEVEL = "-Onone";
			};
			name = Debug;
		};
		406A0ABF26B2D24800EF2BE8 /* Release */ = {
			isa = XCBuildConfiguration;
			buildSettings = {
				ALWAYS_SEARCH_USER_PATHS = NO;
				CLANG_ANALYZER_NONNULL = YES;
				CLANG_ANALYZER_NUMBER_OBJECT_CONVERSION = YES_AGGRESSIVE;
				CLANG_CXX_LANGUAGE_STANDARD = "gnu++14";
				CLANG_CXX_LIBRARY = "libc++";
				CLANG_ENABLE_MODULES = YES;
				CLANG_ENABLE_OBJC_ARC = YES;
				CLANG_ENABLE_OBJC_WEAK = YES;
				CLANG_WARN_BLOCK_CAPTURE_AUTORELEASING = YES;
				CLANG_WARN_BOOL_CONVERSION = YES;
				CLANG_WARN_COMMA = YES;
				CLANG_WARN_CONSTANT_CONVERSION = YES;
				CLANG_WARN_DEPRECATED_OBJC_IMPLEMENTATIONS = YES;
				CLANG_WARN_DIRECT_OBJC_ISA_USAGE = YES_ERROR;
				CLANG_WARN_DOCUMENTATION_COMMENTS = YES;
				CLANG_WARN_EMPTY_BODY = YES;
				CLANG_WARN_ENUM_CONVERSION = YES;
				CLANG_WARN_INFINITE_RECURSION = YES;
				CLANG_WARN_INT_CONVERSION = YES;
				CLANG_WARN_NON_LITERAL_NULL_CONVERSION = YES;
				CLANG_WARN_OBJC_IMPLICIT_RETAIN_SELF = YES;
				CLANG_WARN_OBJC_LITERAL_CONVERSION = YES;
				CLANG_WARN_OBJC_ROOT_CLASS = YES_ERROR;
				CLANG_WARN_QUOTED_INCLUDE_IN_FRAMEWORK_HEADER = YES;
				CLANG_WARN_RANGE_LOOP_ANALYSIS = YES;
				CLANG_WARN_STRICT_PROTOTYPES = YES;
				CLANG_WARN_SUSPICIOUS_MOVE = YES;
				CLANG_WARN_UNGUARDED_AVAILABILITY = YES_AGGRESSIVE;
				CLANG_WARN_UNREACHABLE_CODE = YES;
				CLANG_WARN__DUPLICATE_METHOD_MATCH = YES;
				COPY_PHASE_STRIP = NO;
				DEBUG_INFORMATION_FORMAT = "dwarf-with-dsym";
				ENABLE_NS_ASSERTIONS = NO;
				ENABLE_STRICT_OBJC_MSGSEND = YES;
				GCC_C_LANGUAGE_STANDARD = gnu11;
				GCC_NO_COMMON_BLOCKS = YES;
				GCC_WARN_64_TO_32_BIT_CONVERSION = YES;
				GCC_WARN_ABOUT_RETURN_TYPE = YES_ERROR;
				GCC_WARN_UNDECLARED_SELECTOR = YES;
				GCC_WARN_UNINITIALIZED_AUTOS = YES_AGGRESSIVE;
				GCC_WARN_UNUSED_FUNCTION = YES;
				GCC_WARN_UNUSED_VARIABLE = YES;
				IPHONEOS_DEPLOYMENT_TARGET = 14.4;
				MTL_ENABLE_DEBUG_INFO = NO;
				MTL_FAST_MATH = YES;
				SDKROOT = iphoneos;
				SWIFT_COMPILATION_MODE = wholemodule;
				SWIFT_OPTIMIZATION_LEVEL = "-O";
				VALIDATE_PRODUCT = YES;
			};
			name = Release;
		};
		406A0AC126B2D24800EF2BE8 /* Debug */ = {
			isa = XCBuildConfiguration;
			baseConfigurationReference = 3B9D16F719D7F34B81746D26 /* Pods-UmbrellaApp.debug.xcconfig */;
			buildSettings = {
				ASSETCATALOG_COMPILER_APPICON_NAME = AppIcon;
				ASSETCATALOG_COMPILER_GLOBAL_ACCENT_COLOR_NAME = AccentColor;
				CODE_SIGN_STYLE = Automatic;
				DEVELOPMENT_TEAM = 6L95GP9HQV;
				INFOPLIST_FILE = UmbrellaApp/Info.plist;
				LD_RUNPATH_SEARCH_PATHS = (
					"$(inherited)",
					"@executable_path/Frameworks",
				);
				PRODUCT_BUNDLE_IDENTIFIER = com.tomsan96.UmbrellaApp;
				PRODUCT_NAME = "$(TARGET_NAME)";
				SWIFT_VERSION = 5.0;
				TARGETED_DEVICE_FAMILY = "1,2";
			};
			name = Debug;
		};
		406A0AC226B2D24800EF2BE8 /* Release */ = {
			isa = XCBuildConfiguration;
			baseConfigurationReference = F21D16F2C03B33A17D708D22 /* Pods-UmbrellaApp.release.xcconfig */;
			buildSettings = {
				ASSETCATALOG_COMPILER_APPICON_NAME = AppIcon;
				ASSETCATALOG_COMPILER_GLOBAL_ACCENT_COLOR_NAME = AccentColor;
				CODE_SIGN_STYLE = Automatic;
				DEVELOPMENT_TEAM = 6L95GP9HQV;
				INFOPLIST_FILE = UmbrellaApp/Info.plist;
				LD_RUNPATH_SEARCH_PATHS = (
					"$(inherited)",
					"@executable_path/Frameworks",
				);
				PRODUCT_BUNDLE_IDENTIFIER = com.tomsan96.UmbrellaApp;
				PRODUCT_NAME = "$(TARGET_NAME)";
				SWIFT_VERSION = 5.0;
				TARGETED_DEVICE_FAMILY = "1,2";
			};
			name = Release;
		};
		406A0AC426B2D24800EF2BE8 /* Debug */ = {
			isa = XCBuildConfiguration;
			baseConfigurationReference = ED7A7AEC008275E94BF89DB0 /* Pods-UmbrellaAppTests.debug.xcconfig */;
			buildSettings = {
				ALWAYS_EMBED_SWIFT_STANDARD_LIBRARIES = YES;
				BUNDLE_LOADER = "$(TEST_HOST)";
				CODE_SIGN_STYLE = Automatic;
				DEVELOPMENT_TEAM = 6L95GP9HQV;
				INFOPLIST_FILE = UmbrellaAppTests/Info.plist;
				IPHONEOS_DEPLOYMENT_TARGET = 14.4;
				LD_RUNPATH_SEARCH_PATHS = (
					"$(inherited)",
					"@executable_path/Frameworks",
					"@loader_path/Frameworks",
				);
				PRODUCT_BUNDLE_IDENTIFIER = com.tomsan96.UmbrellaAppTests;
				PRODUCT_NAME = "$(TARGET_NAME)";
				SWIFT_VERSION = 5.0;
				TARGETED_DEVICE_FAMILY = "1,2";
				TEST_HOST = "$(BUILT_PRODUCTS_DIR)/UmbrellaApp.app/UmbrellaApp";
			};
			name = Debug;
		};
		406A0AC526B2D24800EF2BE8 /* Release */ = {
			isa = XCBuildConfiguration;
			baseConfigurationReference = 28DFB3654F762E8A08BDD74F /* Pods-UmbrellaAppTests.release.xcconfig */;
			buildSettings = {
				ALWAYS_EMBED_SWIFT_STANDARD_LIBRARIES = YES;
				BUNDLE_LOADER = "$(TEST_HOST)";
				CODE_SIGN_STYLE = Automatic;
				DEVELOPMENT_TEAM = 6L95GP9HQV;
				INFOPLIST_FILE = UmbrellaAppTests/Info.plist;
				IPHONEOS_DEPLOYMENT_TARGET = 14.4;
				LD_RUNPATH_SEARCH_PATHS = (
					"$(inherited)",
					"@executable_path/Frameworks",
					"@loader_path/Frameworks",
				);
				PRODUCT_BUNDLE_IDENTIFIER = com.tomsan96.UmbrellaAppTests;
				PRODUCT_NAME = "$(TARGET_NAME)";
				SWIFT_VERSION = 5.0;
				TARGETED_DEVICE_FAMILY = "1,2";
				TEST_HOST = "$(BUILT_PRODUCTS_DIR)/UmbrellaApp.app/UmbrellaApp";
			};
			name = Release;
		};
		406A0AC726B2D24800EF2BE8 /* Debug */ = {
			isa = XCBuildConfiguration;
			baseConfigurationReference = 8DD0EAE5CA5DF6E0C22C7841 /* Pods-UmbrellaApp-UmbrellaAppUITests.debug.xcconfig */;
			buildSettings = {
				ALWAYS_EMBED_SWIFT_STANDARD_LIBRARIES = YES;
				CODE_SIGN_STYLE = Automatic;
				DEVELOPMENT_TEAM = 6L95GP9HQV;
				INFOPLIST_FILE = UmbrellaAppUITests/Info.plist;
				LD_RUNPATH_SEARCH_PATHS = (
					"$(inherited)",
					"@executable_path/Frameworks",
					"@loader_path/Frameworks",
				);
				PRODUCT_BUNDLE_IDENTIFIER = com.tomsan96.UmbrellaAppUITests;
				PRODUCT_NAME = "$(TARGET_NAME)";
				SWIFT_VERSION = 5.0;
				TARGETED_DEVICE_FAMILY = "1,2";
				TEST_TARGET_NAME = UmbrellaApp;
			};
			name = Debug;
		};
		406A0AC826B2D24800EF2BE8 /* Release */ = {
			isa = XCBuildConfiguration;
			baseConfigurationReference = 957B6EAC2A0E9A41FF7A76F2 /* Pods-UmbrellaApp-UmbrellaAppUITests.release.xcconfig */;
			buildSettings = {
				ALWAYS_EMBED_SWIFT_STANDARD_LIBRARIES = YES;
				CODE_SIGN_STYLE = Automatic;
				DEVELOPMENT_TEAM = 6L95GP9HQV;
				INFOPLIST_FILE = UmbrellaAppUITests/Info.plist;
				LD_RUNPATH_SEARCH_PATHS = (
					"$(inherited)",
					"@executable_path/Frameworks",
					"@loader_path/Frameworks",
				);
				PRODUCT_BUNDLE_IDENTIFIER = com.tomsan96.UmbrellaAppUITests;
				PRODUCT_NAME = "$(TARGET_NAME)";
				SWIFT_VERSION = 5.0;
				TARGETED_DEVICE_FAMILY = "1,2";
				TEST_TARGET_NAME = UmbrellaApp;
			};
			name = Release;
		};
/* End XCBuildConfiguration section */

/* Begin XCConfigurationList section */
		406A0A9126B2D22600EF2BE8 /* Build configuration list for PBXProject "UmbrellaApp" */ = {
			isa = XCConfigurationList;
			buildConfigurations = (
				406A0ABE26B2D24800EF2BE8 /* Debug */,
				406A0ABF26B2D24800EF2BE8 /* Release */,
			);
			defaultConfigurationIsVisible = 0;
			defaultConfigurationName = Release;
		};
		406A0AC026B2D24800EF2BE8 /* Build configuration list for PBXNativeTarget "UmbrellaApp" */ = {
			isa = XCConfigurationList;
			buildConfigurations = (
				406A0AC126B2D24800EF2BE8 /* Debug */,
				406A0AC226B2D24800EF2BE8 /* Release */,
			);
			defaultConfigurationIsVisible = 0;
			defaultConfigurationName = Release;
		};
		406A0AC326B2D24800EF2BE8 /* Build configuration list for PBXNativeTarget "UmbrellaAppTests" */ = {
			isa = XCConfigurationList;
			buildConfigurations = (
				406A0AC426B2D24800EF2BE8 /* Debug */,
				406A0AC526B2D24800EF2BE8 /* Release */,
			);
			defaultConfigurationIsVisible = 0;
			defaultConfigurationName = Release;
		};
		406A0AC626B2D24800EF2BE8 /* Build configuration list for PBXNativeTarget "UmbrellaAppUITests" */ = {
			isa = XCConfigurationList;
			buildConfigurations = (
				406A0AC726B2D24800EF2BE8 /* Debug */,
				406A0AC826B2D24800EF2BE8 /* Release */,
			);
			defaultConfigurationIsVisible = 0;
			defaultConfigurationName = Release;
		};
/* End XCConfigurationList section */
	};
	rootObject = 406A0A8E26B2D22600EF2BE8 /* Project object */;
}
